
Microsoft Visual Studio Solution File, Format Version 12.00
# Visual Studio Version 17
VisualStudioVersion = 17.4.33403.182
MinimumVisualStudioVersion = 10.0.40219.1
Project("{FAE04EC0-301F-11D3-BF4B-00C04F79EFBC}") = "ConsoleApp12", "ConsoleApp12\ConsoleApp12.csproj", "{7FFB7A91-DD24-4EB7-A615-C059CDB07FDB}"
EndProject
Global
	GlobalSection(SolutionConfigurationPlatforms) = preSolution
		Debug|Any CPU = Debug|Any CPU
		Release|Any CPU = Release|Any CPU
	EndGlobalSection
	GlobalSection(ProjectConfigurationPlatforms) = postSolution
		{7FFB7A91-DD24-4EB7-A615-C059CDB07FDB}.Debug|Any CPU.ActiveCfg = Debug|Any CPU
		{7FFB7A91-DD24-4EB7-A615-C059CDB07FDB}.Debug|Any CPU.Build.0 = Debug|Any CPU
		{7FFB7A91-DD24-4EB7-A615-C059CDB07FDB}.Release|Any CPU.ActiveCfg = Release|Any CPU
		{7FFB7A91-DD24-4EB7-A615-C059CDB07FDB}.Release|Any CPU.Build.0 = Release|Any CPU
	EndGlobalSection
	GlobalSection(SolutionProperties) = preSolution
		HideSolutionNode = FALSE
	EndGlobalSection
	GlobalSection(ExtensibilityGlobals) = postSolution
		SolutionGuid = {40BE3041-2199-477E-BA54-92909A6EC511}
	EndGlobalSection
EndGlobal
