
Microsoft Visual Studio Solution File, Format Version 12.00
# Visual Studio Version 17
VisualStudioVersion = 17.3.32825.248
MinimumVisualStudioVersion = 10.0.40219.1
Project("{FAE04EC0-301F-11D3-BF4B-00C04F79EFBC}") = "ConsoleApp10", "ConsoleApp10\ConsoleApp10.csproj", "{D80AB6EB-1DB4-43C9-AE94-67AC79C64EE5}"
EndProject
Global
	GlobalSection(SolutionConfigurationPlatforms) = preSolution
		Debug|Any CPU = Debug|Any CPU
		Release|Any CPU = Release|Any CPU
	EndGlobalSection
	GlobalSection(ProjectConfigurationPlatforms) = postSolution
		{D80AB6EB-1DB4-43C9-AE94-67AC79C64EE5}.Debug|Any CPU.ActiveCfg = Debug|Any CPU
		{D80AB6EB-1DB4-43C9-AE94-67AC79C64EE5}.Debug|Any CPU.Build.0 = Debug|Any CPU
		{D80AB6EB-1DB4-43C9-AE94-67AC79C64EE5}.Release|Any CPU.ActiveCfg = Release|Any CPU
		{D80AB6EB-1DB4-43C9-AE94-67AC79C64EE5}.Release|Any CPU.Build.0 = Release|Any CPU
	EndGlobalSection
	GlobalSection(SolutionProperties) = preSolution
		HideSolutionNode = FALSE
	EndGlobalSection
	GlobalSection(ExtensibilityGlobals) = postSolution
		SolutionGuid = {E7F26AB3-0195-44BC-85DB-0DFD57AF4A56}
	EndGlobalSection
EndGlobal
